
Microsoft Visual Studio Solution File, Format Version 12.00
# Visual Studio Version 16
VisualStudioVersion = 16.0.29102.190
MinimumVisualStudioVersion = 10.0.40219.1
Project("{FAE04EC0-301F-11D3-BF4B-00C04F79EFBC}") = "EditingTimeStampTool", "EditingTimeStampTool\EditingTimeStampTool.csproj", "{04948DD2-28CE-4654-8632-B0F429719193}"
EndProject
Project("{54435603-DBB4-11D2-8724-00A0C9A8B90C}") = "ETST_Installer", "ETST_Installer\ETST_Installer.vdproj", "{9C5A4124-D022-461A-AF8A-57E3AD8E4AF3}"
EndProject
Global
	GlobalSection(SolutionConfigurationPlatforms) = preSolution
		Debug|Any CPU = Debug|Any CPU
		Release|Any CPU = Release|Any CPU
	EndGlobalSection
	GlobalSection(ProjectConfigurationPlatforms) = postSolution
		{04948DD2-28CE-4654-8632-B0F429719193}.Debug|Any CPU.ActiveCfg = Debug|Any CPU
		{04948DD2-28CE-4654-8632-B0F429719193}.Debug|Any CPU.Build.0 = Debug|Any CPU
		{04948DD2-28CE-4654-8632-B0F429719193}.Release|Any CPU.ActiveCfg = Release|Any CPU
		{04948DD2-28CE-4654-8632-B0F429719193}.Release|Any CPU.Build.0 = Release|Any CPU
		{9C5A4124-D022-461A-AF8A-57E3AD8E4AF3}.Debug|Any CPU.ActiveCfg = Debug
		{9C5A4124-D022-461A-AF8A-57E3AD8E4AF3}.Release|Any CPU.ActiveCfg = Release
	EndGlobalSection
	GlobalSection(SolutionProperties) = preSolution
		HideSolutionNode = FALSE
	EndGlobalSection
	GlobalSection(ExtensibilityGlobals) = postSolution
		SolutionGuid = {9A5903A5-407C-49D0-8073-917B5FAD5825}
	EndGlobalSection
EndGlobal
